
Microsoft Visual Studio Solution File, Format Version 12.00
# Visual Studio Version 17
VisualStudioVersion = 17.5.002.0
MinimumVisualStudioVersion = 10.0.40219.1
Project("{9A19103F-16F7-4668-BE54-9A1E7A4F7556}") = "Gestionale-Personale-mvc", "Gestionale-Personale-mvc.csproj", "{316473C2-5BE0-4C1A-AEFE-19D1E3C18C47}"
EndProject
Global
	GlobalSection(SolutionConfigurationPlatforms) = preSolution
		Debug|Any CPU = Debug|Any CPU
		Release|Any CPU = Release|Any CPU
	EndGlobalSection
	GlobalSection(ProjectConfigurationPlatforms) = postSolution
		{316473C2-5BE0-4C1A-AEFE-19D1E3C18C47}.Debug|Any CPU.ActiveCfg = Debug|Any CPU
		{316473C2-5BE0-4C1A-AEFE-19D1E3C18C47}.Debug|Any CPU.Build.0 = Debug|Any CPU
		{316473C2-5BE0-4C1A-AEFE-19D1E3C18C47}.Release|Any CPU.ActiveCfg = Release|Any CPU
		{316473C2-5BE0-4C1A-AEFE-19D1E3C18C47}.Release|Any CPU.Build.0 = Release|Any CPU
	EndGlobalSection
	GlobalSection(SolutionProperties) = preSolution
		HideSolutionNode = FALSE
	EndGlobalSection
	GlobalSection(ExtensibilityGlobals) = postSolution
		SolutionGuid = {8F05BB1F-92F5-43AD-B754-3CD35312117C}
	EndGlobalSection
EndGlobal
